
Microsoft Visual Studio Solution File, Format Version 12.00
# Visual Studio Version 17
VisualStudioVersion = 17.10.35027.167
MinimumVisualStudioVersion = 10.0.40219.1
Project("{FAE04EC0-301F-11D3-BF4B-00C04F79EFBC}") = "SocketMainForm", "SocketMainForm\SocketMainForm.csproj", "{5BCB8788-BC77-4C0F-8D43-A6076A99ECDB}"
EndProject
Project("{FAE04EC0-301F-11D3-BF4B-00C04F79EFBC}") = "SocketTopics", "SocketTopics\SocketTopics.csproj", "{1E5BA98C-7934-480F-BC6E-6224E8D44EF8}"
EndProject
Global
	GlobalSection(SolutionConfigurationPlatforms) = preSolution
		Debug|Any CPU = Debug|Any CPU
		Release|Any CPU = Release|Any CPU
	EndGlobalSection
	GlobalSection(ProjectConfigurationPlatforms) = postSolution
		{5BCB8788-BC77-4C0F-8D43-A6076A99ECDB}.Debug|Any CPU.ActiveCfg = Debug|Any CPU
		{5BCB8788-BC77-4C0F-8D43-A6076A99ECDB}.Debug|Any CPU.Build.0 = Debug|Any CPU
		{5BCB8788-BC77-4C0F-8D43-A6076A99ECDB}.Release|Any CPU.ActiveCfg = Release|Any CPU
		{5BCB8788-BC77-4C0F-8D43-A6076A99ECDB}.Release|Any CPU.Build.0 = Release|Any CPU
		{1E5BA98C-7934-480F-BC6E-6224E8D44EF8}.Debug|Any CPU.ActiveCfg = Debug|Any CPU
		{1E5BA98C-7934-480F-BC6E-6224E8D44EF8}.Debug|Any CPU.Build.0 = Debug|Any CPU
		{1E5BA98C-7934-480F-BC6E-6224E8D44EF8}.Release|Any CPU.ActiveCfg = Release|Any CPU
		{1E5BA98C-7934-480F-BC6E-6224E8D44EF8}.Release|Any CPU.Build.0 = Release|Any CPU
	EndGlobalSection
	GlobalSection(SolutionProperties) = preSolution
		HideSolutionNode = FALSE
	EndGlobalSection
	GlobalSection(ExtensibilityGlobals) = postSolution
		SolutionGuid = {A91BAD00-B17A-433E-A55D-76BB9B67FC35}
	EndGlobalSection
EndGlobal
